{
  "name": "untitled",
  "version": "1.0.0",
  "lockfileVersion": 2,
  "requires": true,
  "packages": {
    "": {
      "name": "untitled",
      "version": "1.0.0",
      "dependencies": {
        "os": "^0.1.2",
        "requet": "^0.0.1-security"
      }
    },
    "node_modules/os": {
      "version": "0.1.2",
      "resolved": "https://registry.npmjs.org/os/-/os-0.1.2.tgz",
      "integrity": "sha512-ZoXJkvAnljwvc56MbvhtKVWmSkzV712k42Is2mA0+0KTSRakq5XXuXpjZjgAt9ctzl51ojhQWakQQpmOvXWfjQ=="
    },
    "node_modules/requet": {
      "version": "0.0.1-security",
      "resolved": "https://registry.npmjs.org/requet/-/requet-0.0.1-security.tgz",
      "integrity": "sha512-uNwsDzB24Xe+EvvW9fAxbSDeYBpvblPSjU5uMl3UCayxIfB4ne23ITUUJiirkdm95icqMgUolYe6y6uHj1RIXQ=="
    }
  },
  "dependencies": {
    "os": {
      "version": "0.1.2",
      "resolved": "https://registry.npmjs.org/os/-/os-0.1.2.tgz",
      "integrity": "sha512-ZoXJkvAnljwvc56MbvhtKVWmSkzV712k42Is2mA0+0KTSRakq5XXuXpjZjgAt9ctzl51ojhQWakQQpmOvXWfjQ=="
    },
    "requet": {
      "version": "0.0.1-security",
      "resolved": "https://registry.npmjs.org/requet/-/requet-0.0.1-security.tgz",
      "integrity": "sha512-uNwsDzB24Xe+EvvW9fAxbSDeYBpvblPSjU5uMl3UCayxIfB4ne23ITUUJiirkdm95icqMgUolYe6y6uHj1RIXQ=="
    }
  }
}
